Microsoft Visual Studio Solution File, Format Version 12.00
# Visual Studio Version 17
VisualStudioVersion = 17.13.35828.75
MinimumVisualStudioVersion = 10.0.40219.1
Project("{FAE04EC0-301F-11D3-BF4B-00C04F79EFBC}") = "rulate-game", "rulate-game\rulate-game.csproj", "{864A73B6-9671-4BD7-B59A-B2E7044393DF}"
EndProject
Global
	GlobalSection(SolutionConfigurationPlatforms) = preSolution
		Debug|Any CPU = Debug|Any CPU
		Release|Any CPU = Release|Any CPU
	EndGlobalSection
	GlobalSection(ProjectConfigurationPlatforms) = postSolution
		{864A73B6-9671-4BD7-B59A-B2E7044393DF}.Debug|Any CPU.ActiveCfg = Debug|Any CPU
		{864A73B6-9671-4BD7-B59A-B2E7044393DF}.Debug|Any CPU.Build.0 = Debug|Any CPU
		{864A73B6-9671-4BD7-B59A-B2E7044393DF}.Release|Any CPU.ActiveCfg = Release|Any CPU
		{864A73B6-9671-4BD7-B59A-B2E7044393DF}.Release|Any CPU.Build.0 = Release|Any CPU
	EndGlobalSection
	GlobalSection(SolutionProperties) = preSolution
		HideSolutionNode = FALSE
	EndGlobalSection
	GlobalSection(ExtensibilityGlobals) = postSolution
		SolutionGuid = {CCA73EEA-ECA5-4AEB-B0EF-21F572079D09}
	EndGlobalSection
EndGlobal
